// !$*UTF8*$!
{
	archiveVersion = 1;
	classes = {
	};
	objectVersion = 55;
	objects = {

/* Begin PBXBuildFile section */
		8CB775BBF057CA71A962975A /* Pods_LoginStoryBoardApp.framework in Frameworks */ = {isa = PBXBuildFile; fileRef = CDC966435E128268C6020F90 /* Pods_LoginStoryBoardApp.framework */; };
		AC63BDAA280FE6420093E1C7 /* APIViewController.swift in Sources */ = {isa = PBXBuildFile; fileRef = AC63BDA9280FE6420093E1C7 /* APIViewController.swift */; };
		AC63BDAD281011300093E1C7 /* Constant.swift in Sources */ = {isa = PBXBuildFile; fileRef = AC63BDAC281011300093E1C7 /* Constant.swift */; };
		AC63BDAF281015950093E1C7 /* RegisterModel.swift in Sources */ = {isa = PBXBuildFile; fileRef = AC63BDAE281015950093E1C7 /* RegisterModel.swift */; };
		AC63BDB1281016360093E1C7 /* ApiManager.swift in Sources */ = {isa = PBXBuildFile; fileRef = AC63BDB0281016360093E1C7 /* ApiManager.swift */; };
		AC69EB07280D3F2000453C5B /* ForgotPasswordTableViewController.swift in Sources */ = {isa = PBXBuildFile; fileRef = AC69EB06280D3F2000453C5B /* ForgotPasswordTableViewController.swift */; };
		AC69EB09280D816D00453C5B /* OTPScreenTableTableViewController.swift in Sources */ = {isa = PBXBuildFile; fileRef = AC69EB08280D816D00453C5B /* OTPScreenTableTableViewController.swift */; };
		ACA1C5FB280AA362008247B9 /* SignUpTableViewController.swift in Sources */ = {isa = PBXBuildFile; fileRef = ACA1C5FA280AA362008247B9 /* SignUpTableViewController.swift */; };
		ACE1C14D2817F05A003612F5 /* OAuthManager.swift in Sources */ = {isa = PBXBuildFile; fileRef = ACE1C14C2817F05A003612F5 /* OAuthManager.swift */; };
		ACE1C14F2817F369003612F5 /* OAuthModel.swift in Sources */ = {isa = PBXBuildFile; fileRef = ACE1C14E2817F369003612F5 /* OAuthModel.swift */; };
		ACEB58D128095F7600F057E7 /* AppDelegate.swift in Sources */ = {isa = PBXBuildFile; fileRef = ACEB58D028095F7600F057E7 /* AppDelegate.swift */; };
		ACEB58D328095F7600F057E7 /* SceneDelegate.swift in Sources */ = {isa = PBXBuildFile; fileRef = ACEB58D228095F7600F057E7 /* SceneDelegate.swift */; };
		ACEB58D828095F7600F057E7 /* Main.storyboard in Resources */ = {isa = PBXBuildFile; fileRef = ACEB58D628095F7600F057E7 /* Main.storyboard */; };
		ACEB58DA28095F7600F057E7 /* Assets.xcassets in Resources */ = {isa = PBXBuildFile; fileRef = ACEB58D928095F7600F057E7 /* Assets.xcassets */; };
		ACEB58DD28095F7600F057E7 /* LaunchScreen.storyboard in Resources */ = {isa = PBXBuildFile; fileRef = ACEB58DB28095F7600F057E7 /* LaunchScreen.storyboard */; };
		ACEB58E52809611700F057E7 /* LoginTableViewController.swift in Sources */ = {isa = PBXBuildFile; fileRef = ACEB58E42809611700F057E7 /* LoginTableViewController.swift */; };
		ACEB58E82809821600F057E7 /* String + Extension.swift in Sources */ = {isa = PBXBuildFile; fileRef = ACEB58E72809821600F057E7 /* String + Extension.swift */; };
		ACEB58EC2809893D00F057E7 /* UIAlertController + Extension.swift in Sources */ = {isa = PBXBuildFile; fileRef = ACEB58EB2809893D00F057E7 /* UIAlertController + Extension.swift */; };
		ACF5367A28101B4300365900 /* Alamofire in Frameworks */ = {isa = PBXBuildFile; productRef = ACF5367928101B4300365900 /* Alamofire */; };
/* End PBXBuildFile section */

/* Begin PBXFileReference section */
		41106095A7B257528321CB42 /* Pods-LoginStoryBoardApp.debug.xcconfig */ = {isa = PBXFileReference; includeInIndex = 1; lastKnownFileType = text.xcconfig; name = "Pods-LoginStoryBoardApp.debug.xcconfig"; path = "Target Support Files/Pods-LoginStoryBoardApp/Pods-LoginStoryBoardApp.debug.xcconfig"; sourceTree = "<group>"; };
		AC63BDA9280FE6420093E1C7 /* APIViewController.swift */ = {isa = PBXFileReference; lastKnownFileType = sourcecode.swift; path = APIViewController.swift; sourceTree = "<group>"; };
		AC63BDAC281011300093E1C7 /* Constant.swift */ = {isa = PBXFileReference; lastKnownFileType = sourcecode.swift; path = Constant.swift; sourceTree = "<group>"; };
		AC63BDAE281015950093E1C7 /* RegisterModel.swift */ = {isa = PBXFileReference; lastKnownFileType = sourcecode.swift; path = RegisterModel.swift; sourceTree = "<group>"; };
		AC63BDB0281016360093E1C7 /* ApiManager.swift */ = {isa = PBXFileReference; lastKnownFileType = sourcecode.swift; path = ApiManager.swift; sourceTree = "<group>"; };
		AC69EB06280D3F2000453C5B /* ForgotPasswordTableViewController.swift */ = {isa = PBXFileReference; lastKnownFileType = sourcecode.swift; path = ForgotPasswordTableViewController.swift; sourceTree = "<group>"; };
		AC69EB08280D816D00453C5B /* OTPScreenTableTableViewController.swift */ = {isa = PBXFileReference; lastKnownFileType = sourcecode.swift; path = OTPScreenTableTableViewController.swift; sourceTree = "<group>"; };
		ACA1C5FA280AA362008247B9 /* SignUpTableViewController.swift */ = {isa = PBXFileReference; lastKnownFileType = sourcecode.swift; path = SignUpTableViewController.swift; sourceTree = "<group>"; };
		ACE1C14C2817F05A003612F5 /* OAuthManager.swift */ = {isa = PBXFileReference; lastKnownFileType = sourcecode.swift; path = OAuthManager.swift; sourceTree = "<group>"; };
		ACE1C14E2817F369003612F5 /* OAuthModel.swift */ = {isa = PBXFileReference; lastKnownFileType = sourcecode.swift; path = OAuthModel.swift; sourceTree = "<group>"; };
		ACEB58CD28095F7600F057E7 /* LoginStoryBoardApp.app */ = {isa = PBXFileReference; explicitFileType = wrapper.application; includeInIndex = 0; path = LoginStoryBoardApp.app; sourceTree = BUILT_PRODUCTS_DIR; };
		ACEB58D028095F7600F057E7 /* AppDelegate.swift */ = {isa = PBXFileReference; lastKnownFileType = sourcecode.swift; path = AppDelegate.swift; sourceTree = "<group>"; };
		ACEB58D228095F7600F057E7 /* SceneDelegate.swift */ = {isa = PBXFileReference; lastKnownFileType = sourcecode.swift; path = SceneDelegate.swift; sourceTree = "<group>"; };
		ACEB58D728095F7600F057E7 /* Base */ = {isa = PBXFileReference; lastKnownFileType = file.storyboard; name = Base; path = Base.lproj/Main.storyboard; sourceTree = "<group>"; };
		ACEB58D928095F7600F057E7 /* Assets.xcassets */ = {isa = PBXFileReference; lastKnownFileType = folder.assetcatalog; path = Assets.xcassets; sourceTree = "<group>"; };
		ACEB58DC28095F7600F057E7 /* Base */ = {isa = PBXFileReference; lastKnownFileType = file.storyboard; name = Base; path = Base.lproj/LaunchScreen.storyboard; sourceTree = "<group>"; };
		ACEB58DE28095F7600F057E7 /* Info.plist */ = {isa = PBXFileReference; lastKnownFileType = text.plist.xml; path = Info.plist; sourceTree = "<group>"; };
		ACEB58E42809611700F057E7 /* LoginTableViewController.swift */ = {isa = PBXFileReference; lastKnownFileType = sourcecode.swift; path = LoginTableViewController.swift; sourceTree = "<group>"; };
		ACEB58E72809821600F057E7 /* String + Extension.swift */ = {isa = PBXFileReference; lastKnownFileType = sourcecode.swift; path = "String + Extension.swift"; sourceTree = "<group>"; };
		ACEB58EB2809893D00F057E7 /* UIAlertController + Extension.swift */ = {isa = PBXFileReference; lastKnownFileType = sourcecode.swift; path = "UIAlertController + Extension.swift"; sourceTree = "<group>"; };
		CDC966435E128268C6020F90 /* Pods_LoginStoryBoardApp.framework */ = {isa = PBXFileReference; explicitFileType = wrapper.framework; includeInIndex = 0; path = Pods_LoginStoryBoardApp.framework; sourceTree = BUILT_PRODUCTS_DIR; };
		DBB14DB0B07558B03E481735 /* Pods-LoginStoryBoardApp.release.xcconfig */ = {isa = PBXFileReference; includeInIndex = 1; lastKnownFileType = text.xcconfig; name = "Pods-LoginStoryBoardApp.release.xcconfig"; path = "Target Support Files/Pods-LoginStoryBoardApp/Pods-LoginStoryBoardApp.release.xcconfig"; sourceTree = "<group>"; };
/* End PBXFileReference section */

/* Begin PBXFrameworksBuildPhase section */
		ACEB58CA28095F7600F057E7 /* Frameworks */ = {
			isa = PBXFrameworksBuildPhase;
			buildActionMask = 2147483647;
			files = (
				ACF5367A28101B4300365900 /* Alamofire in Frameworks */,
				8CB775BBF057CA71A962975A /* Pods_LoginStoryBoardApp.framework in Frameworks */,
			);
			runOnlyForDeploymentPostprocessing = 0;
		};
/* End PBXFrameworksBuildPhase section */

/* Begin PBXGroup section */
		249C092586FF28E1D1E45205 /* Frameworks */ = {
			isa = PBXGroup;
			children = (
				CDC966435E128268C6020F90 /* Pods_LoginStoryBoardApp.framework */,
			);
			name = Frameworks;
			sourceTree = "<group>";
		};
		AC63BDAB281010FA0093E1C7 /* AuthApi */ = {
			isa = PBXGroup;
			children = (
				AC63BDAC281011300093E1C7 /* Constant.swift */,
				AC63BDAE281015950093E1C7 /* RegisterModel.swift */,
				AC63BDB0281016360093E1C7 /* ApiManager.swift */,
				ACE1C14C2817F05A003612F5 /* OAuthManager.swift */,
				ACE1C14E2817F369003612F5 /* OAuthModel.swift */,
			);
			path = AuthApi;
			sourceTree = "<group>";
		};
		ACA1C5F7280AA307008247B9 /* Login */ = {
			isa = PBXGroup;
			children = (
				ACEB58E42809611700F057E7 /* LoginTableViewController.swift */,
				AC69EB06280D3F2000453C5B /* ForgotPasswordTableViewController.swift */,
			);
			path = Login;
			sourceTree = "<group>";
		};
		ACA1C5F9280AA326008247B9 /* SignUp */ = {
			isa = PBXGroup;
			children = (
				ACA1C5FA280AA362008247B9 /* SignUpTableViewController.swift */,
			);
			path = SignUp;
			sourceTree = "<group>";
		};
		ACEB58C428095F7600F057E7 = {
			isa = PBXGroup;
			children = (
				AC63BDAB281010FA0093E1C7 /* AuthApi */,
				ACEB58CF28095F7600F057E7 /* LoginStoryBoardApp */,
				ACEB58CE28095F7600F057E7 /* Products */,
				B95D57D95C4D52425FF04689 /* Pods */,
				249C092586FF28E1D1E45205 /* Frameworks */,
			);
			sourceTree = "<group>";
		};
		ACEB58CE28095F7600F057E7 /* Products */ = {
			isa = PBXGroup;
			children = (
				ACEB58CD28095F7600F057E7 /* LoginStoryBoardApp.app */,
			);
			name = Products;
			sourceTree = "<group>";
		};
		ACEB58CF28095F7600F057E7 /* LoginStoryBoardApp */ = {
			isa = PBXGroup;
			children = (
				ACEB58D028095F7600F057E7 /* AppDelegate.swift */,
				ACA1C5F7280AA307008247B9 /* Login */,
				ACEB58E6280981EA00F057E7 /* Extension */,
				ACA1C5F9280AA326008247B9 /* SignUp */,
				ACEB58D228095F7600F057E7 /* SceneDelegate.swift */,
				AC69EB08280D816D00453C5B /* OTPScreenTableTableViewController.swift */,
				ACEB58D628095F7600F057E7 /* Main.storyboard */,
				ACEB58D928095F7600F057E7 /* Assets.xcassets */,
				ACEB58DB28095F7600F057E7 /* LaunchScreen.storyboard */,
				AC63BDA9280FE6420093E1C7 /* APIViewController.swift */,
				ACEB58DE28095F7600F057E7 /* Info.plist */,
			);
			path = LoginStoryBoardApp;
			sourceTree = "<group>";
		};
		ACEB58E6280981EA00F057E7 /* Extension */ = {
			isa = PBXGroup;
			children = (
				ACEB58E72809821600F057E7 /* String + Extension.swift */,
				ACEB58EB2809893D00F057E7 /* UIAlertController + Extension.swift */,
			);
			path = Extension;
			sourceTree = "<group>";
		};
		B95D57D95C4D52425FF04689 /* Pods */ = {
			isa = PBXGroup;
			children = (
				41106095A7B257528321CB42 /* Pods-LoginStoryBoardApp.debug.xcconfig */,
				DBB14DB0B07558B03E481735 /* Pods-LoginStoryBoardApp.release.xcconfig */,
			);
			name = Pods;
			path = Pods;
			sourceTree = "<group>";
		};
/* End PBXGroup section */

/* Begin PBXNativeTarget section */
		ACEB58CC28095F7600F057E7 /* LoginStoryBoardApp */ = {
			isa = PBXNativeTarget;
			buildConfigurationList = ACEB58E128095F7600F057E7 /* Build configuration list for PBXNativeTarget "LoginStoryBoardApp" */;
			buildPhases = (
				8B522479F13104CD36966F57 /* [CP] Check Pods Manifest.lock */,
				ACEB58C928095F7600F057E7 /* Sources */,
				ACEB58CA28095F7600F057E7 /* Frameworks */,
				ACEB58CB28095F7600F057E7 /* Resources */,
				54F6C908018F9D353BDD65C1 /* [CP] Embed Pods Frameworks */,
			);
			buildRules = (
			);
			dependencies = (
			);
			name = LoginStoryBoardApp;
			packageProductDependencies = (
				ACF5367928101B4300365900 /* Alamofire */,
			);
			productName = LoginStoryBoardApp;
			productReference = ACEB58CD28095F7600F057E7 /* LoginStoryBoardApp.app */;
			productType = "com.apple.product-type.application";
		};
/* End PBXNativeTarget section */

/* Begin PBXProject section */
		ACEB58C528095F7600F057E7 /* Project object */ = {
			isa = PBXProject;
			attributes = {
				BuildIndependentTargetsInParallel = 1;
				LastSwiftUpdateCheck = 1330;
				LastUpgradeCheck = 1330;
				TargetAttributes = {
					ACEB58CC28095F7600F057E7 = {
						CreatedOnToolsVersion = 13.3;
					};
				};
			};
			buildConfigurationList = ACEB58C828095F7600F057E7 /* Build configuration list for PBXProject "LoginStoryBoardApp" */;
			compatibilityVersion = "Xcode 13.0";
			developmentRegion = en;
			hasScannedForEncodings = 0;
			knownRegions = (
				en,
				Base,
			);
			mainGroup = ACEB58C428095F7600F057E7;
			packageReferences = (
				ACF5367828101B4300365900 /* XCRemoteSwiftPackageReference "Alamofire.git" */,
			);
			productRefGroup = ACEB58CE28095F7600F057E7 /* Products */;
			projectDirPath = "";
			projectRoot = "";
			targets = (
				ACEB58CC28095F7600F057E7 /* LoginStoryBoardApp */,
			);
		};
/* End PBXProject section */

/* Begin PBXResourcesBuildPhase section */
		ACEB58CB28095F7600F057E7 /* Resources */ = {
			isa = PBXResourcesBuildPhase;
			buildActionMask = 2147483647;
			files = (
				ACEB58DD28095F7600F057E7 /* LaunchScreen.storyboard in Resources */,
				ACEB58DA28095F7600F057E7 /* Assets.xcassets in Resources */,
				ACEB58D828095F7600F057E7 /* Main.storyboard in Resources */,
			);
			runOnlyForDeploymentPostprocessing = 0;
		};
/* End PBXResourcesBuildPhase section */

/* Begin PBXShellScriptBuildPhase section */
		54F6C908018F9D353BDD65C1 /* [CP] Embed Pods Frameworks */ = {
			isa = PBXShellScriptBuildPhase;
			buildActionMask = 2147483647;
			files = (
			);
			inputFileListPaths = (
				"${PODS_ROOT}/Target Support Files/Pods-LoginStoryBoardApp/Pods-LoginStoryBoardApp-frameworks-${CONFIGURATION}-input-files.xcfilelist",
			);
			name = "[CP] Embed Pods Frameworks";
			outputFileListPaths = (
				"${PODS_ROOT}/Target Support Files/Pods-LoginStoryBoardApp/Pods-LoginStoryBoardApp-frameworks-${CONFIGURATION}-output-files.xcfilelist",
			);
			runOnlyForDeploymentPostprocessing = 0;
			shellPath = /bin/sh;
			shellScript = "\"${PODS_ROOT}/Target Support Files/Pods-LoginStoryBoardApp/Pods-LoginStoryBoardApp-frameworks.sh\"\n";
			showEnvVarsInLog = 0;
		};
		8B522479F13104CD36966F57 /* [CP] Check Pods Manifest.lock */ = {
			isa = PBXShellScriptBuildPhase;
			buildActionMask = 2147483647;
			files = (
			);
			inputFileListPaths = (
			);
			inputPaths = (
				"${PODS_PODFILE_DIR_PATH}/Podfile.lock",
				"${PODS_ROOT}/Manifest.lock",
			);
			name = "[CP] Check Pods Manifest.lock";
			outputFileListPaths = (
			);
			outputPaths = (
				"$(DERIVED_FILE_DIR)/Pods-LoginStoryBoardApp-checkManifestLockResult.txt",
			);
			runOnlyForDeploymentPostprocessing = 0;
			shellPath = /bin/sh;
			shellScript = "diff \"${PODS_PODFILE_DIR_PATH}/Podfile.lock\" \"${PODS_ROOT}/Manifest.lock\" > /dev/null\nif [ $? != 0 ] ; then\n    # print error to STDERR\n    echo \"error: The sandbox is not in sync with the Podfile.lock. Run 'pod install' or update your CocoaPods installation.\" >&2\n    exit 1\nfi\n# This output is used by Xcode 'outputs' to avoid re-running this script phase.\necho \"SUCCESS\" > \"${SCRIPT_OUTPUT_FILE_0}\"\n";
			showEnvVarsInLog = 0;
		};
/* End PBXShellScriptBuildPhase section */

/* Begin PBXSourcesBuildPhase section */
		ACEB58C928095F7600F057E7 /* Sources */ = {
			isa = PBXSourcesBuildPhase;
			buildActionMask = 2147483647;
			files = (
				ACEB58E52809611700F057E7 /* LoginTableViewController.swift in Sources */,
				ACA1C5FB280AA362008247B9 /* SignUpTableViewController.swift in Sources */,
				ACEB58EC2809893D00F057E7 /* UIAlertController + Extension.swift in Sources */,
				ACEB58D128095F7600F057E7 /* AppDelegate.swift in Sources */,
				AC63BDB1281016360093E1C7 /* ApiManager.swift in Sources */,
				AC69EB09280D816D00453C5B /* OTPScreenTableTableViewController.swift in Sources */,
				ACEB58E82809821600F057E7 /* String + Extension.swift in Sources */,
				ACE1C14F2817F369003612F5 /* OAuthModel.swift in Sources */,
				AC63BDAF281015950093E1C7 /* RegisterModel.swift in Sources */,
				AC69EB07280D3F2000453C5B /* ForgotPasswordTableViewController.swift in Sources */,
				AC63BDAD281011300093E1C7 /* Constant.swift in Sources */,
				ACEB58D328095F7600F057E7 /* SceneDelegate.swift in Sources */,
				AC63BDAA280FE6420093E1C7 /* APIViewController.swift in Sources */,
				ACE1C14D2817F05A003612F5 /* OAuthManager.swift in Sources */,
			);
			runOnlyForDeploymentPostprocessing = 0;
		};
/* End PBXSourcesBuildPhase section */

/* Begin PBXVariantGroup section */
		ACEB58D628095F7600F057E7 /* Main.storyboard */ = {
			isa = PBXVariantGroup;
			children = (
				ACEB58D728095F7600F057E7 /* Base */,
			);
			name = Main.storyboard;
			sourceTree = "<group>";
		};
		ACEB58DB28095F7600F057E7 /* LaunchScreen.storyboard */ = {
			isa = PBXVariantGroup;
			children = (
				ACEB58DC28095F7600F057E7 /* Base */,
			);
			name = LaunchScreen.storyboard;
			sourceTree = "<group>";
		};
/* End PBXVariantGroup section */

/* Begin XCBuildConfiguration section */
		ACEB58DF28095F7600F057E7 /* Debug */ = {
			isa = XCBuildConfiguration;
			buildSettings = {
				ALWAYS_SEARCH_USER_PATHS = NO;
				CLANG_ANALYZER_NONNULL = YES;
				CLANG_ANALYZER_NUMBER_OBJECT_CONVERSION = YES_AGGRESSIVE;
				CLANG_CXX_LANGUAGE_STANDARD = "gnu++17";
				CLANG_ENABLE_MODULES = YES;
				CLANG_ENABLE_OBJC_ARC = YES;
				CLANG_ENABLE_OBJC_WEAK = YES;
				CLANG_WARN_BLOCK_CAPTURE_AUTORELEASING = YES;
				CLANG_WARN_BOOL_CONVERSION = YES;
				CLANG_WARN_COMMA = YES;
				CLANG_WARN_CONSTANT_CONVERSION = YES;
				CLANG_WARN_DEPRECATED_OBJC_IMPLEMENTATIONS = YES;
				CLANG_WARN_DIRECT_OBJC_ISA_USAGE = YES_ERROR;
				CLANG_WARN_DOCUMENTATION_COMMENTS = YES;
				CLANG_WARN_EMPTY_BODY = YES;
				CLANG_WARN_ENUM_CONVERSION = YES;
				CLANG_WARN_INFINITE_RECURSION = YES;
				CLANG_WARN_INT_CONVERSION = YES;
				CLANG_WARN_NON_LITERAL_NULL_CONVERSION = YES;
				CLANG_WARN_OBJC_IMPLICIT_RETAIN_SELF = YES;
				CLANG_WARN_OBJC_LITERAL_CONVERSION = YES;
				CLANG_WARN_OBJC_ROOT_CLASS = YES_ERROR;
				CLANG_WARN_QUOTED_INCLUDE_IN_FRAMEWORK_HEADER = YES;
				CLANG_WARN_RANGE_LOOP_ANALYSIS = YES;
				CLANG_WARN_STRICT_PROTOTYPES = YES;
				CLANG_WARN_SUSPICIOUS_MOVE = YES;
				CLANG_WARN_UNGUARDED_AVAILABILITY = YES_AGGRESSIVE;
				CLANG_WARN_UNREACHABLE_CODE = YES;
				CLANG_WARN__DUPLICATE_METHOD_MATCH = YES;
				COPY_PHASE_STRIP = NO;
				DEBUG_INFORMATION_FORMAT = dwarf;
				ENABLE_STRICT_OBJC_MSGSEND = YES;
				ENABLE_TESTABILITY = YES;
				GCC_C_LANGUAGE_STANDARD = gnu11;
				GCC_DYNAMIC_NO_PIC = NO;
				GCC_NO_COMMON_BLOCKS = YES;
				GCC_OPTIMIZATION_LEVEL = 0;
				GCC_PREPROCESSOR_DEFINITIONS = (
					"DEBUG=1",
					"$(inherited)",
				);
				GCC_WARN_64_TO_32_BIT_CONVERSION = YES;
				GCC_WARN_ABOUT_RETURN_TYPE = YES_ERROR;
				GCC_WARN_UNDECLARED_SELECTOR = YES;
				GCC_WARN_UNINITIALIZED_AUTOS = YES_AGGRESSIVE;
				GCC_WARN_UNUSED_FUNCTION = YES;
				GCC_WARN_UNUSED_VARIABLE = YES;
				IPHONEOS_DEPLOYMENT_TARGET = 15.4;
				MTL_ENABLE_DEBUG_INFO = INCLUDE_SOURCE;
				MTL_FAST_MATH = YES;
				ONLY_ACTIVE_ARCH = YES;
				SDKROOT = iphoneos;
				SWIFT_ACTIVE_COMPILATION_CONDITIONS = DEBUG;
				SWIFT_OPTIMIZATION_LEVEL = "-Onone";
			};
			name = Debug;
		};
		ACEB58E028095F7600F057E7 /* Release */ = {
			isa = XCBuildConfiguration;
			buildSettings = {
				ALWAYS_SEARCH_USER_PATHS = NO;
				CLANG_ANALYZER_NONNULL = YES;
				CLANG_ANALYZER_NUMBER_OBJECT_CONVERSION = YES_AGGRESSIVE;
				CLANG_CXX_LANGUAGE_STANDARD = "gnu++17";
				CLANG_ENABLE_MODULES = YES;
				CLANG_ENABLE_OBJC_ARC = YES;
				CLANG_ENABLE_OBJC_WEAK = YES;
				CLANG_WARN_BLOCK_CAPTURE_AUTORELEASING = YES;
				CLANG_WARN_BOOL_CONVERSION = YES;
				CLANG_WARN_COMMA = YES;
				CLANG_WARN_CONSTANT_CONVERSION = YES;
				CLANG_WARN_DEPRECATED_OBJC_IMPLEMENTATIONS = YES;
				CLANG_WARN_DIRECT_OBJC_ISA_USAGE = YES_ERROR;
				CLANG_WARN_DOCUMENTATION_COMMENTS = YES;
				CLANG_WARN_EMPTY_BODY = YES;
				CLANG_WARN_ENUM_CONVERSION = YES;
				CLANG_WARN_INFINITE_RECURSION = YES;
				CLANG_WARN_INT_CONVERSION = YES;
				CLANG_WARN_NON_LITERAL_NULL_CONVERSION = YES;
				CLANG_WARN_OBJC_IMPLICIT_RETAIN_SELF = YES;
				CLANG_WARN_OBJC_LITERAL_CONVERSION = YES;
				CLANG_WARN_OBJC_ROOT_CLASS = YES_ERROR;
				CLANG_WARN_QUOTED_INCLUDE_IN_FRAMEWORK_HEADER = YES;
				CLANG_WARN_RANGE_LOOP_ANALYSIS = YES;
				CLANG_WARN_STRICT_PROTOTYPES = YES;
				CLANG_WARN_SUSPICIOUS_MOVE = YES;
				CLANG_WARN_UNGUARDED_AVAILABILITY = YES_AGGRESSIVE;
				CLANG_WARN_UNREACHABLE_CODE = YES;
				CLANG_WARN__DUPLICATE_METHOD_MATCH = YES;
				COPY_PHASE_STRIP = NO;
				DEBUG_INFORMATION_FORMAT = "dwarf-with-dsym";
				ENABLE_NS_ASSERTIONS = NO;
				ENABLE_STRICT_OBJC_MSGSEND = YES;
				GCC_C_LANGUAGE_STANDARD = gnu11;
				GCC_NO_COMMON_BLOCKS = YES;
				GCC_WARN_64_TO_32_BIT_CONVERSION = YES;
				GCC_WARN_ABOUT_RETURN_TYPE = YES_ERROR;
				GCC_WARN_UNDECLARED_SELECTOR = YES;
				GCC_WARN_UNINITIALIZED_AUTOS = YES_AGGRESSIVE;
				GCC_WARN_UNUSED_FUNCTION = YES;
				GCC_WARN_UNUSED_VARIABLE = YES;
				IPHONEOS_DEPLOYMENT_TARGET = 15.4;
				MTL_ENABLE_DEBUG_INFO = NO;
				MTL_FAST_MATH = YES;
				SDKROOT = iphoneos;
				SWIFT_COMPILATION_MODE = wholemodule;
				SWIFT_OPTIMIZATION_LEVEL = "-O";
				VALIDATE_PRODUCT = YES;
			};
			name = Release;
		};
		ACEB58E228095F7600F057E7 /* Debug */ = {
			isa = XCBuildConfiguration;
			baseConfigurationReference = 41106095A7B257528321CB42 /* Pods-LoginStoryBoardApp.debug.xcconfig */;
			buildSettings = {
				ASSETCATALOG_COMPILER_APPICON_NAME = AppIcon;
				ASSETCATALOG_COMPILER_GLOBAL_ACCENT_COLOR_NAME = AccentColor;
				CODE_SIGN_STYLE = Automatic;
				CURRENT_PROJECT_VERSION = 1;
				DEVELOPMENT_TEAM = LU893QGJWJ;
				GENERATE_INFOPLIST_FILE = YES;
				INFOPLIST_FILE = LoginStoryBoardApp/Info.plist;
				INFOPLIST_KEY_UIApplicationSupportsIndirectInputEvents = YES;
				INFOPLIST_KEY_UILaunchStoryboardName = LaunchScreen;
				INFOPLIST_KEY_UIMainStoryboardFile = Main;
				INFOPLIST_KEY_UISupportedInterfaceOrientations_iPad = "UIInterfaceOrientationPortrait UIInterfaceOrientationPortraitUpsideDown UIInterfaceOrientationLandscapeLeft UIInterfaceOrientationLandscapeRight";
				INFOPLIST_KEY_UISupportedInterfaceOrientations_iPhone = "UIInterfaceOrientationPortrait UIInterfaceOrientationLandscapeLeft UIInterfaceOrientationLandscapeRight";
				LD_RUNPATH_SEARCH_PATHS = (
					"$(inherited)",
					"@executable_path/Frameworks",
				);
				MARKETING_VERSION = 1.0;
				PRODUCT_BUNDLE_IDENTIFIER = com.test.LoginStoryBoardApp;
				PRODUCT_NAME = "$(TARGET_NAME)";
				SWIFT_EMIT_LOC_STRINGS = YES;
				SWIFT_VERSION = 5.0;
				TARGETED_DEVICE_FAMILY = "1,2";
			};
			name = Debug;
		};
		ACEB58E328095F7600F057E7 /* Release */ = {
			isa = XCBuildConfiguration;
			baseConfigurationReference = DBB14DB0B07558B03E481735 /* Pods-LoginStoryBoardApp.release.xcconfig */;
			buildSettings = {
				ASSETCATALOG_COMPILER_APPICON_NAME = AppIcon;
				ASSETCATALOG_COMPILER_GLOBAL_ACCENT_COLOR_NAME = AccentColor;
				CODE_SIGN_STYLE = Automatic;
				CURRENT_PROJECT_VERSION = 1;
				DEVELOPMENT_TEAM = LU893QGJWJ;
				GENERATE_INFOPLIST_FILE = YES;
				INFOPLIST_FILE = LoginStoryBoardApp/Info.plist;
				INFOPLIST_KEY_UIApplicationSupportsIndirectInputEvents = YES;
				INFOPLIST_KEY_UILaunchStoryboardName = LaunchScreen;
				INFOPLIST_KEY_UIMainStoryboardFile = Main;
				INFOPLIST_KEY_UISupportedInterfaceOrientations_iPad = "UIInterfaceOrientationPortrait UIInterfaceOrientationPortraitUpsideDown UIInterfaceOrientationLandscapeLeft UIInterfaceOrientationLandscapeRight";
				INFOPLIST_KEY_UISupportedInterfaceOrientations_iPhone = "UIInterfaceOrientationPortrait UIInterfaceOrientationLandscapeLeft UIInterfaceOrientationLandscapeRight";
				LD_RUNPATH_SEARCH_PATHS = (
					"$(inherited)",
					"@executable_path/Frameworks",
				);
				MARKETING_VERSION = 1.0;
				PRODUCT_BUNDLE_IDENTIFIER = com.test.LoginStoryBoardApp;
				PRODUCT_NAME = "$(TARGET_NAME)";
				SWIFT_EMIT_LOC_STRINGS = YES;
				SWIFT_VERSION = 5.0;
				TARGETED_DEVICE_FAMILY = "1,2";
			};
			name = Release;
		};
/* End XCBuildConfiguration section */

/* Begin XCConfigurationList section */
		ACEB58C828095F7600F057E7 /* Build configuration list for PBXProject "LoginStoryBoardApp" */ = {
			isa = XCConfigurationList;
			buildConfigurations = (
				ACEB58DF28095F7600F057E7 /* Debug */,
				ACEB58E028095F7600F057E7 /* Release */,
			);
			defaultConfigurationIsVisible = 0;
			defaultConfigurationName = Release;
		};
		ACEB58E128095F7600F057E7 /* Build configuration list for PBXNativeTarget "LoginStoryBoardApp" */ = {
			isa = XCConfigurationList;
			buildConfigurations = (
				ACEB58E228095F7600F057E7 /* Debug */,
				ACEB58E328095F7600F057E7 /* Release */,
			);
			defaultConfigurationIsVisible = 0;
			defaultConfigurationName = Release;
		};
/* End XCConfigurationList section */

/* Begin XCRemoteSwiftPackageReference section */
		ACF5367828101B4300365900 /* XCRemoteSwiftPackageReference "Alamofire.git" */ = {
			isa = XCRemoteSwiftPackageReference;
			repositoryURL = "https://github.com/Alamofire/Alamofire.git";
			requirement = {
				kind = upToNextMajorVersion;
				minimumVersion = 5.0.0;
			};
		};
/* End XCRemoteSwiftPackageReference section */

/* Begin XCSwiftPackageProductDependency section */
		ACF5367928101B4300365900 /* Alamofire */ = {
			isa = XCSwiftPackageProductDependency;
			package = ACF5367828101B4300365900 /* XCRemoteSwiftPackageReference "Alamofire.git" */;
			productName = Alamofire;
		};
/* End XCSwiftPackageProductDependency section */
	};
	rootObject = ACEB58C528095F7600F057E7 /* Project object */;
}
